
Microsoft Visual Studio Solution File, Format Version 12.00
# Visual Studio Version 17
VisualStudioVersion = 17.10.35004.147
MinimumVisualStudioVersion = 10.0.40219.1
Project("{FAE04EC0-301F-11D3-BF4B-00C04F79EFBC}") = "BookingMaster.Web", "BookingMaster.Web\BookingMaster.Web.csproj", "{2A4ED239-38AE-4636-B77C-F9EB5374EE92}"
EndProject
Global
	GlobalSection(SolutionConfigurationPlatforms) = preSolution
		Debug|Any CPU = Debug|Any CPU
		Release|Any CPU = Release|Any CPU
	EndGlobalSection
	GlobalSection(ProjectConfigurationPlatforms) = postSolution
		{2A4ED239-38AE-4636-B77C-F9EB5374EE92}.Debug|Any CPU.ActiveCfg = Debug|Any CPU
		{2A4ED239-38AE-4636-B77C-F9EB5374EE92}.Debug|Any CPU.Build.0 = Debug|Any CPU
		{2A4ED239-38AE-4636-B77C-F9EB5374EE92}.Release|Any CPU.ActiveCfg = Release|Any CPU
		{2A4ED239-38AE-4636-B77C-F9EB5374EE92}.Release|Any CPU.Build.0 = Release|Any CPU
	EndGlobalSection
	GlobalSection(SolutionProperties) = preSolution
		HideSolutionNode = FALSE
	EndGlobalSection
	GlobalSection(ExtensibilityGlobals) = postSolution
		SolutionGuid = {3F17A365-5C43-4966-900B-EC694583A74A}
	EndGlobalSection
EndGlobal
